
Microsoft Visual Studio Solution File, Format Version 12.00
# Visual Studio Version 17
VisualStudioVersion = 17.5.002.0
MinimumVisualStudioVersion = 10.0.40219.1
Project("{FAE04EC0-301F-11D3-BF4B-00C04F79EFBC}") = "BloggerApi", "BloggerApi\BloggerApi.csproj", "{1E7FD590-727F-4652-89A1-14A59474FCBE}"
EndProject
Project("{FAE04EC0-301F-11D3-BF4B-00C04F79EFBC}") = "BloggerApi.Tests.Integration", "BloggerApi.Tests.Integration\BloggerApi.Tests.Integration.csproj", "{19622485-C7E2-4E1E-ACF5-8B9DC67C7084}"
EndProject
Global
	GlobalSection(SolutionConfigurationPlatforms) = preSolution
		Debug|Any CPU = Debug|Any CPU
		Release|Any CPU = Release|Any CPU
	EndGlobalSection
	GlobalSection(ProjectConfigurationPlatforms) = postSolution
		{1E7FD590-727F-4652-89A1-14A59474FCBE}.Debug|Any CPU.ActiveCfg = Debug|Any CPU
		{1E7FD590-727F-4652-89A1-14A59474FCBE}.Debug|Any CPU.Build.0 = Debug|Any CPU
		{1E7FD590-727F-4652-89A1-14A59474FCBE}.Release|Any CPU.ActiveCfg = Release|Any CPU
		{1E7FD590-727F-4652-89A1-14A59474FCBE}.Release|Any CPU.Build.0 = Release|Any CPU
		{19622485-C7E2-4E1E-ACF5-8B9DC67C7084}.Debug|Any CPU.ActiveCfg = Debug|Any CPU
		{19622485-C7E2-4E1E-ACF5-8B9DC67C7084}.Debug|Any CPU.Build.0 = Debug|Any CPU
		{19622485-C7E2-4E1E-ACF5-8B9DC67C7084}.Release|Any CPU.ActiveCfg = Release|Any CPU
		{19622485-C7E2-4E1E-ACF5-8B9DC67C7084}.Release|Any CPU.Build.0 = Release|Any CPU
	EndGlobalSection
	GlobalSection(SolutionProperties) = preSolution
		HideSolutionNode = FALSE
	EndGlobalSection
	GlobalSection(ExtensibilityGlobals) = postSolution
		SolutionGuid = {DC138E77-805D-48A4-9F94-48457624E904}
	EndGlobalSection
EndGlobal
